
Microsoft Visual Studio Solution File, Format Version 12.00
# Visual Studio Version 16
VisualStudioVersion = 16.0.30114.105
MinimumVisualStudioVersion = 10.0.40219.1
Project("{2150E333-8FDC-42A3-9474-1A3956D46DE8}") = "common", "common", "{D756DF80-6659-11EC-AAC7-0320F6CEE413}"
	ProjectSection(SolutionItems) = preProject
		.gitignore = .gitignore
		Directory.Build.props = Directory.Build.props
		Directory.Build.targets = Directory.Build.targets
		README.md = README.md
	EndProjectSection
EndProject
Project("{2150E333-8FDC-42A3-9474-1A3956D46DE8}") = "src", "src", "{7AA8BE7B-E296-42D8-BB58-41D53CEC63CE}"
EndProject
Project("{FAE04EC0-301F-11D3-BF4B-00C04F79EFBC}") = "DotNet.WebApi", "src\DotNet.WebApi\DotNet.WebApi.csproj", "{C3A0768E-755E-4574-B382-0727B6880CEE}"
EndProject
Project("{FAE04EC0-301F-11D3-BF4B-00C04F79EFBC}") = "DotNet.WebApi.Domain", "src\DotNet.WebApi.Domain\DotNet.WebApi.Domain.csproj", "{3C485333-1EF7-4441-A3B7-1CA33FC95A4A}"
EndProject
Project("{FAE04EC0-301F-11D3-BF4B-00C04F79EFBC}") = "DotNet.WebApi.ApplicationServices", "src\DotNet.WebApi.ApplicationServices\DotNet.WebApi.ApplicationServices.csproj", "{0FA0C7B3-F590-46A5-9593-E7FF80CDF588}"
EndProject
Project("{2150E333-8FDC-42A3-9474-1A3956D46DE8}") = "tests", "tests", "{D8FBED4B-AB69-4974-9951-1BEECD664552}"
EndProject
Project("{FAE04EC0-301F-11D3-BF4B-00C04F79EFBC}") = "DotNet.WebApi.ApplicationServices.Tests", "tests\DotNet.WebApi.ApplicationServices.Tests\DotNet.WebApi.ApplicationServices.Tests.csproj", "{ADCAA0E4-2E83-4D25-9C90-4C6DD160CDFD}"
EndProject
Global
	GlobalSection(SolutionConfigurationPlatforms) = preSolution
		Debug|Any CPU = Debug|Any CPU
		Release|Any CPU = Release|Any CPU
	EndGlobalSection
	GlobalSection(SolutionProperties) = preSolution
		HideSolutionNode = FALSE
	EndGlobalSection
	GlobalSection(ProjectConfigurationPlatforms) = postSolution
		{C3A0768E-755E-4574-B382-0727B6880CEE}.Debug|Any CPU.ActiveCfg = Debug|Any CPU
		{C3A0768E-755E-4574-B382-0727B6880CEE}.Debug|Any CPU.Build.0 = Debug|Any CPU
		{C3A0768E-755E-4574-B382-0727B6880CEE}.Release|Any CPU.ActiveCfg = Release|Any CPU
		{C3A0768E-755E-4574-B382-0727B6880CEE}.Release|Any CPU.Build.0 = Release|Any CPU
		{3C485333-1EF7-4441-A3B7-1CA33FC95A4A}.Debug|Any CPU.ActiveCfg = Debug|Any CPU
		{3C485333-1EF7-4441-A3B7-1CA33FC95A4A}.Debug|Any CPU.Build.0 = Debug|Any CPU
		{3C485333-1EF7-4441-A3B7-1CA33FC95A4A}.Release|Any CPU.ActiveCfg = Release|Any CPU
		{3C485333-1EF7-4441-A3B7-1CA33FC95A4A}.Release|Any CPU.Build.0 = Release|Any CPU
		{0FA0C7B3-F590-46A5-9593-E7FF80CDF588}.Debug|Any CPU.ActiveCfg = Debug|Any CPU
		{0FA0C7B3-F590-46A5-9593-E7FF80CDF588}.Debug|Any CPU.Build.0 = Debug|Any CPU
		{0FA0C7B3-F590-46A5-9593-E7FF80CDF588}.Release|Any CPU.ActiveCfg = Release|Any CPU
		{0FA0C7B3-F590-46A5-9593-E7FF80CDF588}.Release|Any CPU.Build.0 = Release|Any CPU
		{ADCAA0E4-2E83-4D25-9C90-4C6DD160CDFD}.Debug|Any CPU.ActiveCfg = Debug|Any CPU
		{ADCAA0E4-2E83-4D25-9C90-4C6DD160CDFD}.Debug|Any CPU.Build.0 = Debug|Any CPU
		{ADCAA0E4-2E83-4D25-9C90-4C6DD160CDFD}.Release|Any CPU.ActiveCfg = Release|Any CPU
		{ADCAA0E4-2E83-4D25-9C90-4C6DD160CDFD}.Release|Any CPU.Build.0 = Release|Any CPU
	EndGlobalSection
	GlobalSection(NestedProjects) = preSolution
		{C3A0768E-755E-4574-B382-0727B6880CEE} = {7AA8BE7B-E296-42D8-BB58-41D53CEC63CE}
		{3C485333-1EF7-4441-A3B7-1CA33FC95A4A} = {7AA8BE7B-E296-42D8-BB58-41D53CEC63CE}
		{0FA0C7B3-F590-46A5-9593-E7FF80CDF588} = {7AA8BE7B-E296-42D8-BB58-41D53CEC63CE}
		{ADCAA0E4-2E83-4D25-9C90-4C6DD160CDFD} = {D8FBED4B-AB69-4974-9951-1BEECD664552}
	EndGlobalSection
EndGlobal
